{
  "meteor": {},
  "dependencies": {
    "basePackages": {
      "require": {},
      "toastjs": {},
      "select2": {},
      "typeahead-js": {},
      "bootstrap-3": {}
    },
    "packages": {
      "require": {
        "git": "https://github.com/tomconnors/meteor-require.git",
        "tag": "v0.1.0",
        "commit": "b9c5a87e9f92019cca882234086b7d32719f67e2"
      },
      "toastjs": {
        "git": "https://github.com/srackham/toast.js.git",
        "tag": "v2.0.5",
        "commit": "55f5af84be856ab819bdda4135f4203c499cf2d6"
      },
      "select2": {
        "git": "https://github.com/nate-strauser/meteor-select2.git",
        "tag": "v3.4.0",
        "commit": "a731bdb357cadd840aa5d9a3e893ab3df097a09c"
      },
      "typeahead-js": {
        "git": "https://github.com/olragon/meteor-typeahead-js.git",
        "tag": "v0.9.3",
        "commit": "9241c6c68f39cf37699b5de7b03d60a5434a5d21"
      },
      "bootstrap-3": {
        "git": "https://github.com/mangasocial/meteor-bootstrap-3.git",
        "tag": "v0.3.4",
        "commit": "680c056e849d079a1b669247f347da2b443aad91"
      }
    }
  }
}
